
Microsoft Visual Studio Solution File, Format Version 12.00
# Visual Studio Version 16
VisualStudioVersion = 16.0.30330.147
MinimumVisualStudioVersion = 10.0.40219.1
Project("{FAE04EC0-301F-11D3-BF4B-00C04F79EFBC}") = "TextFlow", "TextFlow\TextFlow.csproj", "{0E888249-690A-44CC-BFE4-A4548E891537}"
EndProject
Global
	GlobalSection(SolutionConfigurationPlatforms) = preSolution
		Debug|Any CPU = Debug|Any CPU
		Release|Any CPU = Release|Any CPU
	EndGlobalSection
	GlobalSection(ProjectConfigurationPlatforms) = postSolution
		{0E888249-690A-44CC-BFE4-A4548E891537}.Debug|Any CPU.ActiveCfg = Debug|Any CPU
		{0E888249-690A-44CC-BFE4-A4548E891537}.Debug|Any CPU.Build.0 = Debug|Any CPU
		{0E888249-690A-44CC-BFE4-A4548E891537}.Release|Any CPU.ActiveCfg = Release|Any CPU
		{0E888249-690A-44CC-BFE4-A4548E891537}.Release|Any CPU.Build.0 = Release|Any CPU
	EndGlobalSection
	GlobalSection(SolutionProperties) = preSolution
		HideSolutionNode = FALSE
	EndGlobalSection
	GlobalSection(ExtensibilityGlobals) = postSolution
		SolutionGuid = {73ADE98A-2E1A-4529-A418-7C9353FBC29F}
	EndGlobalSection
EndGlobal
